<?xml version="1.0" encoding="utf-8"?>
<Project ToolsVersion="4.0" xmlns="http://schemas.microsoft.com/developer/msbuild/2003">
  <ItemGroup>
    <Filter Include="Quelldateien">
      <UniqueIdentifier>{4FC737F1-C7A5-4376-A066-2A32D752A2FF}</UniqueIdentifier>
      <Extensions>cpp;c;cc;cxx;c++;cppm;ixx;def;odl;idl;hpj;bat;asm;asmx</Extensions>
    </Filter>
    <Filter Include="Headerdateien">
      <UniqueIdentifier>{93995380-89BD-4b04-88EB-625FBE52EBFB}</UniqueIdentifier>
      <Extensions>h;hh;hpp;hxx;h++;hm;inl;inc;ipp;xsd</Extensions>
    </Filter>
    <Filter Include="Ressourcendateien">
      <UniqueIdentifier>{67DA6AB6-F800-4c08-8B7A-83BB121AAD01}</UniqueIdentifier>
      <Extensions>rc;ico;cur;bmp;dlg;rc2;rct;bin;rgs;gif;jpg;jpeg;jpe;resx;tiff;tif;png;wav;mfcribbon-ms</Extensions>
    </Filter>
  </ItemGroup>
  <ItemGroup>
    <ClCompile Include="Hazelnupp.cpp">
      <Filter>Quelldateien</Filter>
    </ClCompile>
    <ClCompile Include="Parameter.cpp">
      <Filter>Quelldateien</Filter>
    </ClCompile>
    <ClCompile Include="Value.cpp">
      <Filter>Quelldateien</Filter>
    </ClCompile>
    <ClCompile Include="IntValue.cpp">
      <Filter>Quelldateien</Filter>
    </ClCompile>
    <ClCompile Include="FloatValue.cpp">
      <Filter>Quelldateien</Filter>
    </ClCompile>
    <ClCompile Include="VoidValue.cpp">
      <Filter>Quelldateien</Filter>
    </ClCompile>
    <ClCompile Include="StringValue.cpp">
      <Filter>Quelldateien</Filter>
    </ClCompile>
    <ClCompile Include="ListValue.cpp">
      <Filter>Quelldateien</Filter>
    </ClCompile>
    <ClCompile Include="StringTools.cpp">
      <Filter>Quelldateien</Filter>
    </ClCompile>
  </ItemGroup>
  <ItemGroup>
    <ClInclude Include="Hazelnupp.h">
      <Filter>Headerdateien</Filter>
    </ClInclude>
    <ClInclude Include="Parameter.h">
      <Filter>Headerdateien</Filter>
    </ClInclude>
    <ClInclude Include="Value.h">
      <Filter>Headerdateien</Filter>
    </ClInclude>
    <ClInclude Include="DataType.h">
      <Filter>Headerdateien</Filter>
    </ClInclude>
    <ClInclude Include="VoidValue.h">
      <Filter>Headerdateien</Filter>
    </ClInclude>
    <ClInclude Include="StringValue.h">
      <Filter>Headerdateien</Filter>
    </ClInclude>
    <ClInclude Include="ListValue.h">
      <Filter>Headerdateien</Filter>
    </ClInclude>
    <ClInclude Include="IntValue.h">
      <Filter>Headerdateien</Filter>
    </ClInclude>
    <ClInclude Include="FloatValue.h">
      <Filter>Headerdateien</Filter>
    </ClInclude>
    <ClInclude Include="StringTools.h">
      <Filter>Headerdateien</Filter>
    </ClInclude>
    <ClInclude Include="ParamConstraint.h">
      <Filter>Headerdateien</Filter>
    </ClInclude>
    <ClInclude Include="HazelnuppException.h">
      <Filter>Headerdateien</Filter>
    </ClInclude>
    <ClInclude Include="Placeholders.h">
      <Filter>Headerdateien</Filter>
    </ClInclude>
  </ItemGroup>
</Project>